
Microsoft Visual Studio Solution File, Format Version 12.00
# Visual Studio Version 17
VisualStudioVersion = 17.3.32819.101
MinimumVisualStudioVersion = 10.0.40219.1
Project("{FAE04EC0-301F-11D3-BF4B-00C04F79EFBC}") = "Battleships", "Battleships\Battleships.csproj", "{9EF1EBBA-6A33-43AF-AF76-E44E9CFCE20E}"
EndProject
Project("{FAE04EC0-301F-11D3-BF4B-00C04F79EFBC}") = "BattleshipsUnitTests", "BattleshipsUnitTests\BattleshipsUnitTests.csproj", "{59F248A3-5B29-451D-A293-0AAC55683B5C}"
EndProject
Global
	GlobalSection(SolutionConfigurationPlatforms) = preSolution
		Debug|Any CPU = Debug|Any CPU
		Release|Any CPU = Release|Any CPU
	EndGlobalSection
	GlobalSection(ProjectConfigurationPlatforms) = postSolution
		{9EF1EBBA-6A33-43AF-AF76-E44E9CFCE20E}.Debug|Any CPU.ActiveCfg = Debug|Any CPU
		{9EF1EBBA-6A33-43AF-AF76-E44E9CFCE20E}.Debug|Any CPU.Build.0 = Debug|Any CPU
		{9EF1EBBA-6A33-43AF-AF76-E44E9CFCE20E}.Release|Any CPU.ActiveCfg = Release|Any CPU
		{9EF1EBBA-6A33-43AF-AF76-E44E9CFCE20E}.Release|Any CPU.Build.0 = Release|Any CPU
		{59F248A3-5B29-451D-A293-0AAC55683B5C}.Debug|Any CPU.ActiveCfg = Debug|Any CPU
		{59F248A3-5B29-451D-A293-0AAC55683B5C}.Debug|Any CPU.Build.0 = Debug|Any CPU
		{59F248A3-5B29-451D-A293-0AAC55683B5C}.Release|Any CPU.ActiveCfg = Release|Any CPU
		{59F248A3-5B29-451D-A293-0AAC55683B5C}.Release|Any CPU.Build.0 = Release|Any CPU
	EndGlobalSection
	GlobalSection(SolutionProperties) = preSolution
		HideSolutionNode = FALSE
	EndGlobalSection
	GlobalSection(ExtensibilityGlobals) = postSolution
		SolutionGuid = {C195C2E2-B20F-40DA-B8D0-9CC4DAE33A7A}
	EndGlobalSection
EndGlobal
